
Microsoft Visual Studio Solution File, Format Version 12.00
# Visual Studio Version 17
VisualStudioVersion = 17.11.35327.3
MinimumVisualStudioVersion = 10.0.40219.1
Project("{FAE04EC0-301F-11D3-BF4B-00C04F79EFBC}") = "OpenGLSilk", "OpenGLSilk\OpenGLSilk.csproj", "{2EE34A56-BA07-4EC4-9CB7-A2259E3F859D}"
EndProject
Global
	GlobalSection(SolutionConfigurationPlatforms) = preSolution
		Debug|Any CPU = Debug|Any CPU
		Release|Any CPU = Release|Any CPU
	EndGlobalSection
	GlobalSection(ProjectConfigurationPlatforms) = postSolution
		{2EE34A56-BA07-4EC4-9CB7-A2259E3F859D}.Debug|Any CPU.ActiveCfg = Debug|Any CPU
		{2EE34A56-BA07-4EC4-9CB7-A2259E3F859D}.Debug|Any CPU.Build.0 = Debug|Any CPU
		{2EE34A56-BA07-4EC4-9CB7-A2259E3F859D}.Release|Any CPU.ActiveCfg = Release|Any CPU
		{2EE34A56-BA07-4EC4-9CB7-A2259E3F859D}.Release|Any CPU.Build.0 = Release|Any CPU
	EndGlobalSection
	GlobalSection(SolutionProperties) = preSolution
		HideSolutionNode = FALSE
	EndGlobalSection
	GlobalSection(ExtensibilityGlobals) = postSolution
		SolutionGuid = {DE657B4C-891A-4CF9-8695-1E7B7EC97AA7}
	EndGlobalSection
EndGlobal
